
Microsoft Visual Studio Solution File, Format Version 12.00
# Visual Studio Version 17
VisualStudioVersion = 17.10.35122.118
MinimumVisualStudioVersion = 10.0.40219.1
Project("{FAE04EC0-301F-11D3-BF4B-00C04F79EFBC}") = "ConsoleApp4", "ConsoleApp4\ConsoleApp4.csproj", "{7C8AF720-BCED-43E5-A22C-748EEE285D07}"
EndProject
Global
	GlobalSection(SolutionConfigurationPlatforms) = preSolution
		Debug|Any CPU = Debug|Any CPU
		Release|Any CPU = Release|Any CPU
	EndGlobalSection
	GlobalSection(ProjectConfigurationPlatforms) = postSolution
		{7C8AF720-BCED-43E5-A22C-748EEE285D07}.Debug|Any CPU.ActiveCfg = Debug|Any CPU
		{7C8AF720-BCED-43E5-A22C-748EEE285D07}.Debug|Any CPU.Build.0 = Debug|Any CPU
		{7C8AF720-BCED-43E5-A22C-748EEE285D07}.Release|Any CPU.ActiveCfg = Release|Any CPU
		{7C8AF720-BCED-43E5-A22C-748EEE285D07}.Release|Any CPU.Build.0 = Release|Any CPU
	EndGlobalSection
	GlobalSection(SolutionProperties) = preSolution
		HideSolutionNode = FALSE
	EndGlobalSection
	GlobalSection(ExtensibilityGlobals) = postSolution
		SolutionGuid = {B2694BF7-14BD-4B5A-B19D-D61F991DE0F4}
	EndGlobalSection
EndGlobal
